
Microsoft Visual Studio Solution File, Format Version 12.00
# Visual Studio Version 17
VisualStudioVersion = 17.5.002.0
MinimumVisualStudioVersion = 10.0.40219.1
Project("{2150E333-8FDC-42A3-9474-1A3956D46DE8}") = "csharp-prep", "csharp-prep", "{84DAB0C3-1EFF-40E7-9A05-1851C7EECCC3}"
EndProject
Project("{9A19103F-16F7-4668-BE54-9A1E7A4F7556}") = "Prep1", "csharp-prep\Prep1\Prep1.csproj", "{9536210C-19E5-482A-AD6F-56229F46D707}"
EndProject
Project("{9A19103F-16F7-4668-BE54-9A1E7A4F7556}") = "Prep2", "csharp-prep\Prep2\Prep2.csproj", "{68A7CFDF-6175-4AD1-A1A4-C4B8D37B0969}"
EndProject
Project("{9A19103F-16F7-4668-BE54-9A1E7A4F7556}") = "Prep3", "csharp-prep\Prep3\Prep3.csproj", "{33EB4348-DEEB-4B77-A939-450F3B5D217D}"
EndProject
Project("{9A19103F-16F7-4668-BE54-9A1E7A4F7556}") = "Prep4", "csharp-prep\Prep4\Prep4.csproj", "{FDD15C9D-DEF8-4906-82B7-972250817D09}"
EndProject
Project("{9A19103F-16F7-4668-BE54-9A1E7A4F7556}") = "Prep5", "csharp-prep\Prep5\Prep5.csproj", "{5D6F0465-7DED-474A-9243-D45D203260D7}"
EndProject
Project("{2150E333-8FDC-42A3-9474-1A3956D46DE8}") = "final", "final", "{3FE5E400-7D55-4C41-9553-2448CF75F409}"
EndProject
Project("{9A19103F-16F7-4668-BE54-9A1E7A4F7556}") = "FinalProject", "final\FinalProject\FinalProject.csproj", "{F7734872-2776-439C-B72E-1E0674278B75}"
EndProject
Project("{9A19103F-16F7-4668-BE54-9A1E7A4F7556}") = "Foundation1", "final\Foundation1\Foundation1.csproj", "{D8286529-AC83-468C-A315-DD93C90F3BE7}"
EndProject
Project("{9A19103F-16F7-4668-BE54-9A1E7A4F7556}") = "Foundation2", "final\Foundation2\Foundation2.csproj", "{540FBAF4-1503-4C43-87E8-7EB5B0176A50}"
EndProject
Project("{9A19103F-16F7-4668-BE54-9A1E7A4F7556}") = "Foundation3", "final\Foundation3\Foundation3.csproj", "{BC3F5B58-22F3-4807-87E5-124550BD7214}"
EndProject
Project("{9A19103F-16F7-4668-BE54-9A1E7A4F7556}") = "Foundation4", "final\Foundation4\Foundation4.csproj", "{13E1AAAB-4306-4BAF-B0F8-DB5E5D206075}"
EndProject
Project("{2150E333-8FDC-42A3-9474-1A3956D46DE8}") = "prepare", "prepare", "{8F19A709-4D2E-476C-981E-A48CC46AA56F}"
EndProject
Project("{9A19103F-16F7-4668-BE54-9A1E7A4F7556}") = "Learning02", "prepare\Learning02\Learning02.csproj", "{C56486C1-6A91-4364-A0C7-A12985E0EC33}"
EndProject
Project("{9A19103F-16F7-4668-BE54-9A1E7A4F7556}") = "Learning03", "prepare\Learning03\Learning03.csproj", "{012DD792-0AF9-4085-9D36-51D164DD7684}"
EndProject
Project("{9A19103F-16F7-4668-BE54-9A1E7A4F7556}") = "Learning04", "prepare\Learning04\Learning04.csproj", "{911DCAA1-69B0-4241-9519-3D01A4E5B2F5}"
EndProject
Project("{9A19103F-16F7-4668-BE54-9A1E7A4F7556}") = "Learning05", "prepare\Learning05\Learning05.csproj", "{3C97BEB5-0AB5-47DB-9447-84CB0D5ABB84}"
EndProject
Project("{2150E333-8FDC-42A3-9474-1A3956D46DE8}") = "prove", "prove", "{62EDF7A1-32D2-47FF-B3FD-687257265E1D}"
EndProject
Project("{9A19103F-16F7-4668-BE54-9A1E7A4F7556}") = "Develop02", "prove\Develop02\Develop02.csproj", "{DD7C967F-708D-4251-ABAE-F485770EEABF}"
EndProject
Project("{9A19103F-16F7-4668-BE54-9A1E7A4F7556}") = "Develop03", "prove\Develop03\Develop03.csproj", "{8002341B-A32F-42BC-AE2E-A2E22769B882}"
EndProject
Project("{9A19103F-16F7-4668-BE54-9A1E7A4F7556}") = "Develop04", "prove\Develop04\Develop04.csproj", "{E0BF79E5-6F34-4CE7-9628-D8F657660E39}"
EndProject
Project("{9A19103F-16F7-4668-BE54-9A1E7A4F7556}") = "Develop05", "prove\Develop05\Develop05.csproj", "{630A9C98-0075-466C-8492-B5DE0145BC2E}"
EndProject
Project("{2150E333-8FDC-42A3-9474-1A3956D46DE8}") = "sandbox", "sandbox", "{04215429-9500-482A-BC69-F7B88164F490}"
EndProject
Project("{9A19103F-16F7-4668-BE54-9A1E7A4F7556}") = "Sandbox", "sandbox\Sandbox\Sandbox.csproj", "{48A1827E-F838-49A5-8A8C-DBFB70AEFA94}"
EndProject
Global
	GlobalSection(SolutionConfigurationPlatforms) = preSolution
		Debug|Any CPU = Debug|Any CPU
		Release|Any CPU = Release|Any CPU
	EndGlobalSection
	GlobalSection(ProjectConfigurationPlatforms) = postSolution
		{9536210C-19E5-482A-AD6F-56229F46D707}.Debug|Any CPU.ActiveCfg = Debug|Any CPU
		{9536210C-19E5-482A-AD6F-56229F46D707}.Debug|Any CPU.Build.0 = Debug|Any CPU
		{9536210C-19E5-482A-AD6F-56229F46D707}.Release|Any CPU.ActiveCfg = Release|Any CPU
		{9536210C-19E5-482A-AD6F-56229F46D707}.Release|Any CPU.Build.0 = Release|Any CPU
		{68A7CFDF-6175-4AD1-A1A4-C4B8D37B0969}.Debug|Any CPU.ActiveCfg = Debug|Any CPU
		{68A7CFDF-6175-4AD1-A1A4-C4B8D37B0969}.Debug|Any CPU.Build.0 = Debug|Any CPU
		{68A7CFDF-6175-4AD1-A1A4-C4B8D37B0969}.Release|Any CPU.ActiveCfg = Release|Any CPU
		{68A7CFDF-6175-4AD1-A1A4-C4B8D37B0969}.Release|Any CPU.Build.0 = Release|Any CPU
		{33EB4348-DEEB-4B77-A939-450F3B5D217D}.Debug|Any CPU.ActiveCfg = Debug|Any CPU
		{33EB4348-DEEB-4B77-A939-450F3B5D217D}.Debug|Any CPU.Build.0 = Debug|Any CPU
		{33EB4348-DEEB-4B77-A939-450F3B5D217D}.Release|Any CPU.ActiveCfg = Release|Any CPU
		{33EB4348-DEEB-4B77-A939-450F3B5D217D}.Release|Any CPU.Build.0 = Release|Any CPU
		{FDD15C9D-DEF8-4906-82B7-972250817D09}.Debug|Any CPU.ActiveCfg = Debug|Any CPU
		{FDD15C9D-DEF8-4906-82B7-972250817D09}.Debug|Any CPU.Build.0 = Debug|Any CPU
		{FDD15C9D-DEF8-4906-82B7-972250817D09}.Release|Any CPU.ActiveCfg = Release|Any CPU
		{FDD15C9D-DEF8-4906-82B7-972250817D09}.Release|Any CPU.Build.0 = Release|Any CPU
		{5D6F0465-7DED-474A-9243-D45D203260D7}.Debug|Any CPU.ActiveCfg = Debug|Any CPU
		{5D6F0465-7DED-474A-9243-D45D203260D7}.Debug|Any CPU.Build.0 = Debug|Any CPU
		{5D6F0465-7DED-474A-9243-D45D203260D7}.Release|Any CPU.ActiveCfg = Release|Any CPU
		{5D6F0465-7DED-474A-9243-D45D203260D7}.Release|Any CPU.Build.0 = Release|Any CPU
		{F7734872-2776-439C-B72E-1E0674278B75}.Debug|Any CPU.ActiveCfg = Debug|Any CPU
		{F7734872-2776-439C-B72E-1E0674278B75}.Debug|Any CPU.Build.0 = Debug|Any CPU
		{F7734872-2776-439C-B72E-1E0674278B75}.Release|Any CPU.ActiveCfg = Release|Any CPU
		{F7734872-2776-439C-B72E-1E0674278B75}.Release|Any CPU.Build.0 = Release|Any CPU
		{D8286529-AC83-468C-A315-DD93C90F3BE7}.Debug|Any CPU.ActiveCfg = Debug|Any CPU
		{D8286529-AC83-468C-A315-DD93C90F3BE7}.Debug|Any CPU.Build.0 = Debug|Any CPU
		{D8286529-AC83-468C-A315-DD93C90F3BE7}.Release|Any CPU.ActiveCfg = Release|Any CPU
		{D8286529-AC83-468C-A315-DD93C90F3BE7}.Release|Any CPU.Build.0 = Release|Any CPU
		{540FBAF4-1503-4C43-87E8-7EB5B0176A50}.Debug|Any CPU.ActiveCfg = Debug|Any CPU
		{540FBAF4-1503-4C43-87E8-7EB5B0176A50}.Debug|Any CPU.Build.0 = Debug|Any CPU
		{540FBAF4-1503-4C43-87E8-7EB5B0176A50}.Release|Any CPU.ActiveCfg = Release|Any CPU
		{540FBAF4-1503-4C43-87E8-7EB5B0176A50}.Release|Any CPU.Build.0 = Release|Any CPU
		{BC3F5B58-22F3-4807-87E5-124550BD7214}.Debug|Any CPU.ActiveCfg = Debug|Any CPU
		{BC3F5B58-22F3-4807-87E5-124550BD7214}.Debug|Any CPU.Build.0 = Debug|Any CPU
		{BC3F5B58-22F3-4807-87E5-124550BD7214}.Release|Any CPU.ActiveCfg = Release|Any CPU
		{BC3F5B58-22F3-4807-87E5-124550BD7214}.Release|Any CPU.Build.0 = Release|Any CPU
		{13E1AAAB-4306-4BAF-B0F8-DB5E5D206075}.Debug|Any CPU.ActiveCfg = Debug|Any CPU
		{13E1AAAB-4306-4BAF-B0F8-DB5E5D206075}.Debug|Any CPU.Build.0 = Debug|Any CPU
		{13E1AAAB-4306-4BAF-B0F8-DB5E5D206075}.Release|Any CPU.ActiveCfg = Release|Any CPU
		{13E1AAAB-4306-4BAF-B0F8-DB5E5D206075}.Release|Any CPU.Build.0 = Release|Any CPU
		{C56486C1-6A91-4364-A0C7-A12985E0EC33}.Debug|Any CPU.ActiveCfg = Debug|Any CPU
		{C56486C1-6A91-4364-A0C7-A12985E0EC33}.Debug|Any CPU.Build.0 = Debug|Any CPU
		{C56486C1-6A91-4364-A0C7-A12985E0EC33}.Release|Any CPU.ActiveCfg = Release|Any CPU
		{C56486C1-6A91-4364-A0C7-A12985E0EC33}.Release|Any CPU.Build.0 = Release|Any CPU
		{012DD792-0AF9-4085-9D36-51D164DD7684}.Debug|Any CPU.ActiveCfg = Debug|Any CPU
		{012DD792-0AF9-4085-9D36-51D164DD7684}.Debug|Any CPU.Build.0 = Debug|Any CPU
		{012DD792-0AF9-4085-9D36-51D164DD7684}.Release|Any CPU.ActiveCfg = Release|Any CPU
		{012DD792-0AF9-4085-9D36-51D164DD7684}.Release|Any CPU.Build.0 = Release|Any CPU
		{911DCAA1-69B0-4241-9519-3D01A4E5B2F5}.Debug|Any CPU.ActiveCfg = Debug|Any CPU
		{911DCAA1-69B0-4241-9519-3D01A4E5B2F5}.Debug|Any CPU.Build.0 = Debug|Any CPU
		{911DCAA1-69B0-4241-9519-3D01A4E5B2F5}.Release|Any CPU.ActiveCfg = Release|Any CPU
		{911DCAA1-69B0-4241-9519-3D01A4E5B2F5}.Release|Any CPU.Build.0 = Release|Any CPU
		{3C97BEB5-0AB5-47DB-9447-84CB0D5ABB84}.Debug|Any CPU.ActiveCfg = Debug|Any CPU
		{3C97BEB5-0AB5-47DB-9447-84CB0D5ABB84}.Debug|Any CPU.Build.0 = Debug|Any CPU
		{3C97BEB5-0AB5-47DB-9447-84CB0D5ABB84}.Release|Any CPU.ActiveCfg = Release|Any CPU
		{3C97BEB5-0AB5-47DB-9447-84CB0D5ABB84}.Release|Any CPU.Build.0 = Release|Any CPU
		{DD7C967F-708D-4251-ABAE-F485770EEABF}.Debug|Any CPU.ActiveCfg = Debug|Any CPU
		{DD7C967F-708D-4251-ABAE-F485770EEABF}.Debug|Any CPU.Build.0 = Debug|Any CPU
		{DD7C967F-708D-4251-ABAE-F485770EEABF}.Release|Any CPU.ActiveCfg = Release|Any CPU
		{DD7C967F-708D-4251-ABAE-F485770EEABF}.Release|Any CPU.Build.0 = Release|Any CPU
		{8002341B-A32F-42BC-AE2E-A2E22769B882}.Debug|Any CPU.ActiveCfg = Debug|Any CPU
		{8002341B-A32F-42BC-AE2E-A2E22769B882}.Debug|Any CPU.Build.0 = Debug|Any CPU
		{8002341B-A32F-42BC-AE2E-A2E22769B882}.Release|Any CPU.ActiveCfg = Release|Any CPU
		{8002341B-A32F-42BC-AE2E-A2E22769B882}.Release|Any CPU.Build.0 = Release|Any CPU
		{E0BF79E5-6F34-4CE7-9628-D8F657660E39}.Debug|Any CPU.ActiveCfg = Debug|Any CPU
		{E0BF79E5-6F34-4CE7-9628-D8F657660E39}.Debug|Any CPU.Build.0 = Debug|Any CPU
		{E0BF79E5-6F34-4CE7-9628-D8F657660E39}.Release|Any CPU.ActiveCfg = Release|Any CPU
		{E0BF79E5-6F34-4CE7-9628-D8F657660E39}.Release|Any CPU.Build.0 = Release|Any CPU
		{630A9C98-0075-466C-8492-B5DE0145BC2E}.Debug|Any CPU.ActiveCfg = Debug|Any CPU
		{630A9C98-0075-466C-8492-B5DE0145BC2E}.Debug|Any CPU.Build.0 = Debug|Any CPU
		{630A9C98-0075-466C-8492-B5DE0145BC2E}.Release|Any CPU.ActiveCfg = Release|Any CPU
		{630A9C98-0075-466C-8492-B5DE0145BC2E}.Release|Any CPU.Build.0 = Release|Any CPU
		{48A1827E-F838-49A5-8A8C-DBFB70AEFA94}.Debug|Any CPU.ActiveCfg = Debug|Any CPU
		{48A1827E-F838-49A5-8A8C-DBFB70AEFA94}.Debug|Any CPU.Build.0 = Debug|Any CPU
		{48A1827E-F838-49A5-8A8C-DBFB70AEFA94}.Release|Any CPU.ActiveCfg = Release|Any CPU
		{48A1827E-F838-49A5-8A8C-DBFB70AEFA94}.Release|Any CPU.Build.0 = Release|Any CPU
	EndGlobalSection
	GlobalSection(SolutionProperties) = preSolution
		HideSolutionNode = FALSE
	EndGlobalSection
	GlobalSection(NestedProjects) = preSolution
		{9536210C-19E5-482A-AD6F-56229F46D707} = {84DAB0C3-1EFF-40E7-9A05-1851C7EECCC3}
		{68A7CFDF-6175-4AD1-A1A4-C4B8D37B0969} = {84DAB0C3-1EFF-40E7-9A05-1851C7EECCC3}
		{33EB4348-DEEB-4B77-A939-450F3B5D217D} = {84DAB0C3-1EFF-40E7-9A05-1851C7EECCC3}
		{FDD15C9D-DEF8-4906-82B7-972250817D09} = {84DAB0C3-1EFF-40E7-9A05-1851C7EECCC3}
		{5D6F0465-7DED-474A-9243-D45D203260D7} = {84DAB0C3-1EFF-40E7-9A05-1851C7EECCC3}
		{F7734872-2776-439C-B72E-1E0674278B75} = {3FE5E400-7D55-4C41-9553-2448CF75F409}
		{D8286529-AC83-468C-A315-DD93C90F3BE7} = {3FE5E400-7D55-4C41-9553-2448CF75F409}
		{540FBAF4-1503-4C43-87E8-7EB5B0176A50} = {3FE5E400-7D55-4C41-9553-2448CF75F409}
		{BC3F5B58-22F3-4807-87E5-124550BD7214} = {3FE5E400-7D55-4C41-9553-2448CF75F409}
		{13E1AAAB-4306-4BAF-B0F8-DB5E5D206075} = {3FE5E400-7D55-4C41-9553-2448CF75F409}
		{C56486C1-6A91-4364-A0C7-A12985E0EC33} = {8F19A709-4D2E-476C-981E-A48CC46AA56F}
		{012DD792-0AF9-4085-9D36-51D164DD7684} = {8F19A709-4D2E-476C-981E-A48CC46AA56F}
		{911DCAA1-69B0-4241-9519-3D01A4E5B2F5} = {8F19A709-4D2E-476C-981E-A48CC46AA56F}
		{3C97BEB5-0AB5-47DB-9447-84CB0D5ABB84} = {8F19A709-4D2E-476C-981E-A48CC46AA56F}
		{DD7C967F-708D-4251-ABAE-F485770EEABF} = {62EDF7A1-32D2-47FF-B3FD-687257265E1D}
		{8002341B-A32F-42BC-AE2E-A2E22769B882} = {62EDF7A1-32D2-47FF-B3FD-687257265E1D}
		{E0BF79E5-6F34-4CE7-9628-D8F657660E39} = {62EDF7A1-32D2-47FF-B3FD-687257265E1D}
		{630A9C98-0075-466C-8492-B5DE0145BC2E} = {62EDF7A1-32D2-47FF-B3FD-687257265E1D}
		{48A1827E-F838-49A5-8A8C-DBFB70AEFA94} = {04215429-9500-482A-BC69-F7B88164F490}
	EndGlobalSection
	GlobalSection(ExtensibilityGlobals) = postSolution
		SolutionGuid = {A9E908B2-FC87-4104-920C-FA7EE1A1182D}
	EndGlobalSection
EndGlobal
